{
  "name": "angular-boilerplate",
  "version": "1.0.0",
  "lockfileVersion": 1,
  "requires": true,
  "dependencies": {
    "async": {
      "version": "0.9.0",
      "resolved": "https://registry.npm.taobao.org/async/download/async-0.9.0.tgz",
      "integrity": "sha1-rDYTsdqb7RtHUQu0ZRuJMeRxRsc=",
      "dev": true
    },
    "bootstrap": {
      "version": "3.3.7",
      "resolved": "https://registry.npm.taobao.org/bootstrap/download/bootstrap-3.3.7.tgz",
      "integrity": "sha1-WjiTlFSfIzMIdaOxUGVldPip63E="
    },
    "colors": {
      "version": "1.0.3",
      "resolved": "https://registry.npm.taobao.org/colors/download/colors-1.0.3.tgz",
      "integrity": "sha1-BDP0TYCWgP3rYO0mDxsMJi6CpAs=",
      "dev": true
    },
    "corser": {
      "version": "2.0.1",
      "resolved": "https://registry.npm.taobao.org/corser/download/corser-2.0.1.tgz",
      "integrity": "sha1-jtolLsqrWEDc2XXOuQ2TcMgZ/4c=",
      "dev": true
    },
    "ecstatic": {
      "version": "1.4.1",
      "resolved": "https://registry.npm.taobao.org/ecstatic/download/ecstatic-1.4.1.tgz?cache=0&sync_timestamp=1585784254358&other_urls=https%3A%2F%2Fregistry.npm.taobao.org%2Fecstatic%2Fdownload%2Fecstatic-1.4.1.tgz",
      "integrity": "sha1-Mst7b6LikNWGaGdNEV6PDD1WfWo=",
      "dev": true,
      "requires": {
        "he": "^0.5.0",
        "mime": "^1.2.11",
        "minimist": "^1.1.0",
        "url-join": "^1.0.0"
      }
    },
    "eventemitter3": {
      "version": "4.0.4",
      "resolved": "https://registry.npm.taobao.org/eventemitter3/download/eventemitter3-4.0.4.tgz?cache=0&sync_timestamp=1589283105849&other_urls=https%3A%2F%2Fregistry.npm.taobao.org%2Feventemitter3%2Fdownload%2Feventemitter3-4.0.4.tgz",
      "integrity": "sha1-tUY6zmNaCD0Bi9x8kXtMXxCoU4Q=",
      "dev": true
    },
    "follow-redirects": {
      "version": "1.12.1",
      "resolved": "https://registry.npm.taobao.org/follow-redirects/download/follow-redirects-1.12.1.tgz?cache=0&sync_timestamp=1592518281721&other_urls=https%3A%2F%2Fregistry.npm.taobao.org%2Ffollow-redirects%2Fdownload%2Ffollow-redirects-1.12.1.tgz",
      "integrity": "sha1-3lSmIFMRuT1gOY68Ac9wFWgjErY=",
      "dev": true
    },
    "git": {
      "version": "0.1.5",
      "resolved": "https://registry.npm.taobao.org/git/download/git-0.1.5.tgz",
      "integrity": "sha1-nvYt+T+FHCdUIUO/UtHGixAXyhU=",
      "requires": {
        "mime": "1.2.9"
      },
      "dependencies": {
        "mime": {
          "version": "1.2.9",
          "resolved": "https://registry.npm.taobao.org/mime/download/mime-1.2.9.tgz",
          "integrity": "sha1-AJzUCGe9Nd5SGzuWbwTi+NTRPQk="
        }
      }
    },
    "he": {
      "version": "0.5.0",
      "resolved": "https://registry.npm.taobao.org/he/download/he-0.5.0.tgz",
      "integrity": "sha1-LAX/rvkLaOhg8/0rVO9YCYknfuI=",
      "dev": true
    },
    "http-proxy": {
      "version": "1.18.1",
      "resolved": "https://registry.npm.taobao.org/http-proxy/download/http-proxy-1.18.1.tgz?cache=0&sync_timestamp=1589778321455&other_urls=https%3A%2F%2Fregistry.npm.taobao.org%2Fhttp-proxy%2Fdownload%2Fhttp-proxy-1.18.1.tgz",
      "integrity": "sha1-QBVB8FNIhLv5UmAzTnL4juOXZUk=",
      "dev": true,
      "requires": {
        "eventemitter3": "^4.0.0",
        "follow-redirects": "^1.0.0",
        "requires-port": "^1.0.0"
      }
    },
    "http-server": {
      "version": "0.9.0",
      "resolved": "https://registry.npm.taobao.org/http-server/download/http-server-0.9.0.tgz?cache=0&sync_timestamp=1588038170224&other_urls=https%3A%2F%2Fregistry.npm.taobao.org%2Fhttp-server%2Fdownload%2Fhttp-server-0.9.0.tgz",
      "integrity": "sha1-jxsGvcczYY1NxCgxx7oa/04GABo=",
      "dev": true,
      "requires": {
        "colors": "1.0.3",
        "corser": "~2.0.0",
        "ecstatic": "^1.4.0",
        "http-proxy": "^1.8.1",
        "opener": "~1.4.0",
        "optimist": "0.6.x",
        "portfinder": "0.4.x",
        "union": "~0.4.3"
      }
    },
    "jquery": {
      "version": "2.2.0",
      "resolved": "https://registry.npm.taobao.org/jquery/download/jquery-2.2.0.tgz",
      "integrity": "sha1-0OhOu/GZ2lG/fsOTB/GbNXVOnLo="
    },
    "mime": {
      "version": "1.6.0",
      "resolved": "https://registry.npm.taobao.org/mime/download/mime-1.6.0.tgz",
      "integrity": "sha1-Ms2eXGRVO9WNGaVor0Uqz/BJgbE=",
      "dev": true
    },
    "minimist": {
      "version": "1.2.5",
      "resolved": "https://registry.npm.taobao.org/minimist/download/minimist-1.2.5.tgz",
      "integrity": "sha1-Z9ZgFLZqaoqqDAg8X9WN9OTpdgI=",
      "dev": true
    },
    "mkdirp": {
      "version": "0.5.5",
      "resolved": "https://registry.npm.taobao.org/mkdirp/download/mkdirp-0.5.5.tgz",
      "integrity": "sha1-2Rzv1i0UNsoPQWIOJRKI1CAJne8=",
      "dev": true,
      "requires": {
        "minimist": "^1.2.5"
      }
    },
    "opener": {
      "version": "1.4.3",
      "resolved": "https://registry.npm.taobao.org/opener/download/opener-1.4.3.tgz",
      "integrity": "sha1-XG2ixdflgx6P+jlklQ+NZnSskLg=",
      "dev": true
    },
    "optimist": {
      "version": "0.6.1",
      "resolved": "https://registry.npm.taobao.org/optimist/download/optimist-0.6.1.tgz",
      "integrity": "sha1-2j6nRob6IaGaERwybpDrFaAZZoY=",
      "dev": true,
      "requires": {
        "minimist": "~0.0.1",
        "wordwrap": "~0.0.2"
      },
      "dependencies": {
        "minimist": {
          "version": "0.0.10",
          "resolved": "https://registry.npm.taobao.org/minimist/download/minimist-0.0.10.tgz",
          "integrity": "sha1-3j+YVD2/lggr5IrRoMfNqDYwHc8=",
          "dev": true
        }
      }
    },
    "portfinder": {
      "version": "0.4.0",
      "resolved": "https://registry.npm.taobao.org/portfinder/download/portfinder-0.4.0.tgz",
      "integrity": "sha1-o/+t/6/k+5jgYBqF7aJ8J86Eyh4=",
      "dev": true,
      "requires": {
        "async": "0.9.0",
        "mkdirp": "0.5.x"
      }
    },
    "qs": {
      "version": "2.3.3",
      "resolved": "https://registry.npm.taobao.org/qs/download/qs-2.3.3.tgz",
      "integrity": "sha1-6eha2+ddoLvkyOBHaghikPhjtAQ=",
      "dev": true
    },
    "requires-port": {
      "version": "1.0.0",
      "resolved": "https://registry.npm.taobao.org/requires-port/download/requires-port-1.0.0.tgz",
      "integrity": "sha1-kl0mAdOaxIXgkc8NpcbmlNw9yv8=",
      "dev": true
    },
    "union": {
      "version": "0.4.6",
      "resolved": "https://registry.npm.taobao.org/union/download/union-0.4.6.tgz",
      "integrity": "sha1-GY+9rrolTniLDvy2MLwR8kopWeA=",
      "dev": true,
      "requires": {
        "qs": "~2.3.3"
      }
    },
    "url-join": {
      "version": "1.1.0",
      "resolved": "https://registry.npm.taobao.org/url-join/download/url-join-1.1.0.tgz?cache=0&sync_timestamp=1562483530532&other_urls=https%3A%2F%2Fregistry.npm.taobao.org%2Furl-join%2Fdownload%2Furl-join-1.1.0.tgz",
      "integrity": "sha1-dBxsL0WWxIMNZxhGCSDQySIC3Hg=",
      "dev": true
    },
    "wordwrap": {
      "version": "0.0.3",
      "resolved": "https://registry.npm.taobao.org/wordwrap/download/wordwrap-0.0.3.tgz",
      "integrity": "sha1-o9XabNXAvAAI03I0u68b7WMFkQc=",
      "dev": true
    }
  }
}
